
Microsoft Visual Studio Solution File, Format Version 12.00
# Visual Studio Version 17
VisualStudioVersion = 17.14.36616.10 d17.14
MinimumVisualStudioVersion = 10.0.40219.1
Project("{FAE04EC0-301F-11D3-BF4B-00C04F79EFBC}") = "NetQin", "NetQin\NetQin.csproj", "{10ED7202-DDBE-4AAB-974C-9B5A37916423}"
EndProject
Global
	GlobalSection(SolutionConfigurationPlatforms) = preSolution
		Debug|Any CPU = Debug|Any CPU
		Release|Any CPU = Release|Any CPU
	EndGlobalSection
	GlobalSection(ProjectConfigurationPlatforms) = postSolution
		{10ED7202-DDBE-4AAB-974C-9B5A37916423}.Debug|Any CPU.ActiveCfg = Debug|Any CPU
		{10ED7202-DDBE-4AAB-974C-9B5A37916423}.Debug|Any CPU.Build.0 = Debug|Any CPU
		{10ED7202-DDBE-4AAB-974C-9B5A37916423}.Release|Any CPU.ActiveCfg = Release|Any CPU
		{10ED7202-DDBE-4AAB-974C-9B5A37916423}.Release|Any CPU.Build.0 = Release|Any CPU
	EndGlobalSection
	GlobalSection(SolutionProperties) = preSolution
		HideSolutionNode = FALSE
	EndGlobalSection
	GlobalSection(ExtensibilityGlobals) = postSolution
		SolutionGuid = {D32969F2-4437-47B3-AB3B-C8C94C2BE286}
	EndGlobalSection
EndGlobal
